
Microsoft Visual Studio Solution File, Format Version 12.00
# Visual Studio Version 17
VisualStudioVersion = 17.4.33122.133
MinimumVisualStudioVersion = 10.0.40219.1
Project("{9A19103F-16F7-4668-BE54-9A1E7A4F7556}") = "Cultivators", "Cultivators.csproj", "{224752B0-7D53-486B-B2C1-A92478B0B7A6}"
EndProject
Global
	GlobalSection(SolutionConfigurationPlatforms) = preSolution
		Debug|Any CPU = Debug|Any CPU
		Release|Any CPU = Release|Any CPU
	EndGlobalSection
	GlobalSection(ProjectConfigurationPlatforms) = postSolution
		{224752B0-7D53-486B-B2C1-A92478B0B7A6}.Debug|Any CPU.ActiveCfg = Debug|Any CPU
		{224752B0-7D53-486B-B2C1-A92478B0B7A6}.Debug|Any CPU.Build.0 = Debug|Any CPU
		{224752B0-7D53-486B-B2C1-A92478B0B7A6}.Release|Any CPU.ActiveCfg = Release|Any CPU
		{224752B0-7D53-486B-B2C1-A92478B0B7A6}.Release|Any CPU.Build.0 = Release|Any CPU
	EndGlobalSection
	GlobalSection(SolutionProperties) = preSolution
		HideSolutionNode = FALSE
	EndGlobalSection
	GlobalSection(ExtensibilityGlobals) = postSolution
		SolutionGuid = {77499E7B-1EB9-4DB3-BDB3-7B39674030D2}
	EndGlobalSection
EndGlobal
